<Solution>
  <Folder Name="/src/API/">
    <Project Path="src/API/ProcureFlow.Api/ProcureFlow.Api.csproj" />
  </Folder>
  <Folder Name="/src/Shared/">
    <Project Path="src/Shared/ProcureFlow.Shared.Domain/ProcureFlow.Shared.Domain.csproj" />
    <Project Path="src/Shared/ProcureFlow.Shared.Application/ProcureFlow.Shared.Application.csproj" />
    <Project Path="src/Shared/ProcureFlow.Shared.Infrastructure/ProcureFlow.Shared.Infrastructure.csproj" />
    <Project Path="src/Shared/ProcureFlow.Shared.Presentation/ProcureFlow.Shared.Presentation.csproj" />
  </Folder>
  <Folder Name="/tests/ProcureFlow.Tests/">
    <Project Path="tests/ProcureFlow.Tests/ProcureFlow.Tests.csproj" />
  </Folder>
  <Folder Name="/src/Modules/ProcureFlow.Modules.Identity/">
    <Project Path="src/Modules/ProcureFlow.Modules.Identity/ProcureFlow.Modules.Identity.Domain/ProcureFlow.Modules.Identity.Domain.csproj" />
    <Project Path="src/Modules/ProcureFlow.Modules.Identity/ProcureFlow.Modules.Identity.Application/ProcureFlow.Modules.Identity.Application.csproj" />
    <Project Path="src/Modules/ProcureFlow.Modules.Identity/ProcureFlow.Modules.Identity.Infrastructure/ProcureFlow.Modules.Identity.Infrastructure.csproj" />
    <Project Path="src/Modules/ProcureFlow.Modules.Identity/ProcureFlow.Modules.Identity.Presentation/ProcureFlow.Modules.Identity.Presentation.csproj" />
  </Folder>
  <Folder Name="/src/Modules/ProcureFlow.Modules.TenantManagement/">
    <Project Path="src/Modules/ProcureFlow.Modules.TenantManagement/ProcureFlow.Modules.TenantManagement.Domain/ProcureFlow.Modules.TenantManagement.Domain.csproj" />
    <Project Path="src/Modules/ProcureFlow.Modules.TenantManagement/ProcureFlow.Modules.TenantManagement.Application/ProcureFlow.Modules.TenantManagement.Application.csproj" />
    <Project Path="src/Modules/ProcureFlow.Modules.TenantManagement/ProcureFlow.Modules.TenantManagement.Infrastructure/ProcureFlow.Modules.TenantManagement.Infrastructure.csproj" />
    <Project Path="src/Modules/ProcureFlow.Modules.TenantManagement/ProcureFlow.Modules.TenantManagement.Presentation/ProcureFlow.Modules.TenantManagement.Presentation.csproj" />
  </Folder>
  <Folder Name="/src/Modules/ProcureFlow.Modules.Organization/">
    <Project Path="src/Modules/ProcureFlow.Modules.Organization/ProcureFlow.Modules.Organization.Domain/ProcureFlow.Modules.Organization.Domain.csproj" />
    <Project Path="src/Modules/ProcureFlow.Modules.Organization/ProcureFlow.Modules.Organization.Application/ProcureFlow.Modules.Organization.Application.csproj" />
    <Project Path="src/Modules/ProcureFlow.Modules.Organization/ProcureFlow.Modules.Organization.Infrastructure/ProcureFlow.Modules.Organization.Infrastructure.csproj" />
    <Project Path="src/Modules/ProcureFlow.Modules.Organization/ProcureFlow.Modules.Organization.Presentation/ProcureFlow.Modules.Organization.Presentation.csproj" />
  </Folder>
  <Folder Name="/src/Modules/ProcureFlow.Modules.Catalog/">
    <Project Path="src/Modules/ProcureFlow.Modules.Catalog/ProcureFlow.Modules.Catalog.Domain/ProcureFlow.Modules.Catalog.Domain.csproj" />
    <Project Path="src/Modules/ProcureFlow.Modules.Catalog/ProcureFlow.Modules.Catalog.Application/ProcureFlow.Modules.Catalog.Application.csproj" />
    <Project Path="src/Modules/ProcureFlow.Modules.Catalog/ProcureFlow.Modules.Catalog.Infrastructure/ProcureFlow.Modules.Catalog.Infrastructure.csproj" />
    <Project Path="src/Modules/ProcureFlow.Modules.Catalog/ProcureFlow.Modules.Catalog.Presentation/ProcureFlow.Modules.Catalog.Presentation.csproj" />
  </Folder>
  <Folder Name="/src/Modules/ProcureFlow.Modules.SupplierManagement/">
    <Project Path="src/Modules/ProcureFlow.Modules.SupplierManagement/ProcureFlow.Modules.SupplierManagement.Domain/ProcureFlow.Modules.SupplierManagement.Domain.csproj" />
    <Project Path="src/Modules/ProcureFlow.Modules.SupplierManagement/ProcureFlow.Modules.SupplierManagement.Application/ProcureFlow.Modules.SupplierManagement.Application.csproj" />
    <Project Path="src/Modules/ProcureFlow.Modules.SupplierManagement/ProcureFlow.Modules.SupplierManagement.Infrastructure/ProcureFlow.Modules.SupplierManagement.Infrastructure.csproj" />
    <Project Path="src/Modules/ProcureFlow.Modules.SupplierManagement/ProcureFlow.Modules.SupplierManagement.Presentation/ProcureFlow.Modules.SupplierManagement.Presentation.csproj" />
  </Folder>
  <Folder Name="/src/Modules/ProcureFlow.Modules.Procurement/">
    <Project Path="src/Modules/ProcureFlow.Modules.Procurement/ProcureFlow.Modules.Procurement.Domain/ProcureFlow.Modules.Procurement.Domain.csproj" />
    <Project Path="src/Modules/ProcureFlow.Modules.Procurement/ProcureFlow.Modules.Procurement.Application/ProcureFlow.Modules.Procurement.Application.csproj" />
    <Project Path="src/Modules/ProcureFlow.Modules.Procurement/ProcureFlow.Modules.Procurement.Infrastructure/ProcureFlow.Modules.Procurement.Infrastructure.csproj" />
    <Project Path="src/Modules/ProcureFlow.Modules.Procurement/ProcureFlow.Modules.Procurement.Presentation/ProcureFlow.Modules.Procurement.Presentation.csproj" />
  </Folder>
  <Folder Name="/src/Modules/ProcureFlow.Modules.Approval/">
    <Project Path="src/Modules/ProcureFlow.Modules.Approval/ProcureFlow.Modules.Approval.Domain/ProcureFlow.Modules.Approval.Domain.csproj" />
    <Project Path="src/Modules/ProcureFlow.Modules.Approval/ProcureFlow.Modules.Approval.Application/ProcureFlow.Modules.Approval.Application.csproj" />
    <Project Path="src/Modules/ProcureFlow.Modules.Approval/ProcureFlow.Modules.Approval.Infrastructure/ProcureFlow.Modules.Approval.Infrastructure.csproj" />
    <Project Path="src/Modules/ProcureFlow.Modules.Approval/ProcureFlow.Modules.Approval.Presentation/ProcureFlow.Modules.Approval.Presentation.csproj" />
  </Folder>
  <Folder Name="/src/Modules/ProcureFlow.Modules.Warehouse/">
    <Project Path="src/Modules/ProcureFlow.Modules.Warehouse/ProcureFlow.Modules.Warehouse.Domain/ProcureFlow.Modules.Warehouse.Domain.csproj" />
    <Project Path="src/Modules/ProcureFlow.Modules.Warehouse/ProcureFlow.Modules.Warehouse.Application/ProcureFlow.Modules.Warehouse.Application.csproj" />
    <Project Path="src/Modules/ProcureFlow.Modules.Warehouse/ProcureFlow.Modules.Warehouse.Infrastructure/ProcureFlow.Modules.Warehouse.Infrastructure.csproj" />
    <Project Path="src/Modules/ProcureFlow.Modules.Warehouse/ProcureFlow.Modules.Warehouse.Presentation/ProcureFlow.Modules.Warehouse.Presentation.csproj" />
  </Folder>
  <Folder Name="/src/Modules/ProcureFlow.Modules.Inventory/">
    <Project Path="src/Modules/ProcureFlow.Modules.Inventory/ProcureFlow.Modules.Inventory.Domain/ProcureFlow.Modules.Inventory.Domain.csproj" />
    <Project Path="src/Modules/ProcureFlow.Modules.Inventory/ProcureFlow.Modules.Inventory.Application/ProcureFlow.Modules.Inventory.Application.csproj" />
    <Project Path="src/Modules/ProcureFlow.Modules.Inventory/ProcureFlow.Modules.Inventory.Infrastructure/ProcureFlow.Modules.Inventory.Infrastructure.csproj" />
    <Project Path="src/Modules/ProcureFlow.Modules.Inventory/ProcureFlow.Modules.Inventory.Presentation/ProcureFlow.Modules.Inventory.Presentation.csproj" />
  </Folder>
  <Folder Name="/src/Modules/ProcureFlow.Modules.Finance/">
    <Project Path="src/Modules/ProcureFlow.Modules.Finance/ProcureFlow.Modules.Finance.Domain/ProcureFlow.Modules.Finance.Domain.csproj" />
    <Project Path="src/Modules/ProcureFlow.Modules.Finance/ProcureFlow.Modules.Finance.Application/ProcureFlow.Modules.Finance.Application.csproj" />
    <Project Path="src/Modules/ProcureFlow.Modules.Finance/ProcureFlow.Modules.Finance.Infrastructure/ProcureFlow.Modules.Finance.Infrastructure.csproj" />
    <Project Path="src/Modules/ProcureFlow.Modules.Finance/ProcureFlow.Modules.Finance.Presentation/ProcureFlow.Modules.Finance.Presentation.csproj" />
  </Folder>
  <Folder Name="/src/Modules/ProcureFlow.Modules.Payment/">
    <Project Path="src/Modules/ProcureFlow.Modules.Payment/ProcureFlow.Modules.Payment.Domain/ProcureFlow.Modules.Payment.Domain.csproj" />
    <Project Path="src/Modules/ProcureFlow.Modules.Payment/ProcureFlow.Modules.Payment.Application/ProcureFlow.Modules.Payment.Application.csproj" />
    <Project Path="src/Modules/ProcureFlow.Modules.Payment/ProcureFlow.Modules.Payment.Infrastructure/ProcureFlow.Modules.Payment.Infrastructure.csproj" />
    <Project Path="src/Modules/ProcureFlow.Modules.Payment/ProcureFlow.Modules.Payment.Presentation/ProcureFlow.Modules.Payment.Presentation.csproj" />
  </Folder>
  <Folder Name="/src/Modules/ProcureFlow.Modules.Notification/">
    <Project Path="src/Modules/ProcureFlow.Modules.Notification/ProcureFlow.Modules.Notification.Domain/ProcureFlow.Modules.Notification.Domain.csproj" />
    <Project Path="src/Modules/ProcureFlow.Modules.Notification/ProcureFlow.Modules.Notification.Application/ProcureFlow.Modules.Notification.Application.csproj" />
    <Project Path="src/Modules/ProcureFlow.Modules.Notification/ProcureFlow.Modules.Notification.Infrastructure/ProcureFlow.Modules.Notification.Infrastructure.csproj" />
    <Project Path="src/Modules/ProcureFlow.Modules.Notification/ProcureFlow.Modules.Notification.Presentation/ProcureFlow.Modules.Notification.Presentation.csproj" />
  </Folder>
  <Folder Name="/src/Modules/ProcureFlow.Modules.Audit/">
    <Project Path="src/Modules/ProcureFlow.Modules.Audit/ProcureFlow.Modules.Audit.Domain/ProcureFlow.Modules.Audit.Domain.csproj" />
    <Project Path="src/Modules/ProcureFlow.Modules.Audit/ProcureFlow.Modules.Audit.Application/ProcureFlow.Modules.Audit.Application.csproj" />
    <Project Path="src/Modules/ProcureFlow.Modules.Audit/ProcureFlow.Modules.Audit.Infrastructure/ProcureFlow.Modules.Audit.Infrastructure.csproj" />
    <Project Path="src/Modules/ProcureFlow.Modules.Audit/ProcureFlow.Modules.Audit.Presentation/ProcureFlow.Modules.Audit.Presentation.csproj" />
  </Folder>
  <Folder Name="/src/Modules/ProcureFlow.Modules.Reporting/">
    <Project Path="src/Modules/ProcureFlow.Modules.Reporting/ProcureFlow.Modules.Reporting.Domain/ProcureFlow.Modules.Reporting.Domain.csproj" />
    <Project Path="src/Modules/ProcureFlow.Modules.Reporting/ProcureFlow.Modules.Reporting.Application/ProcureFlow.Modules.Reporting.Application.csproj" />
    <Project Path="src/Modules/ProcureFlow.Modules.Reporting/ProcureFlow.Modules.Reporting.Infrastructure/ProcureFlow.Modules.Reporting.Infrastructure.csproj" />
    <Project Path="src/Modules/ProcureFlow.Modules.Reporting/ProcureFlow.Modules.Reporting.Presentation/ProcureFlow.Modules.Reporting.Presentation.csproj" />
  </Folder>
</Solution>
