<?xml version="1.0" encoding="utf-8"?>
<Solution>
  <Project Path="src/core/Modulus.AspNetCore/Modulus.AspNetCore.csproj" />
  <Project Path="src/core/Modulus.Core.Abstractions/Modulus.Core.Abstractions.csproj" />
  <Project Path="src/core/Modulus.Core/Modulus.Core.csproj" />
  <Project Path="src/data/Modulus.Data.Abstractions/Modulus.Data.Abstractions.csproj" />
  <Project Path="src/data/Modulus.Data.Cassandra/Modulus.Data.Cassandra.csproj" />
  <Project Path="src/data/Modulus.Data.CosmosDB/Modulus.Data.CosmosDB.csproj" />
  <Project Path="src/data/Modulus.Data.DynamoDB/Modulus.Data.DynamoDB.csproj" />
  <Project Path="src/data/Modulus.Data.Elasticsearch/Modulus.Data.Elasticsearch.csproj" />
  <Project Path="src/data/Modulus.Data.MongoDB/Modulus.Data.MongoDB.csproj" />
  <Project Path="src/data/Modulus.Data.MySQL/Modulus.Data.MySQL.csproj" />
  <Project Path="src/data/Modulus.Data.PostgreSQL/Modulus.Data.PostgreSQL.csproj" />
  <Project Path="src/data/Modulus.Data.Redis/Modulus.Data.Redis.csproj" />
  <Project Path="src/data/Modulus.Data.SQLite/Modulus.Data.SQLite.csproj" />
  <Project Path="src/data/Modulus.Data.SqlServer/Modulus.Data.SqlServer.csproj" />
  <Project Path="src/data/Modulus.EntityFrameworkCore.Abstractions/Modulus.EntityFrameworkCore.Abstractions.csproj" />
  <Project Path="src/data/Modulus.EntityFrameworkCore/Modulus.EntityFrameworkCore.csproj" />
  <Project Path="src/identity/Modulus.Identity.Abstractions/Modulus.Identity.Abstractions.csproj" />
  <Project Path="src/identity/Modulus.Identity.Auth0/Modulus.Identity.Auth0.csproj" />
  <Project Path="src/identity/Modulus.Identity.Authentik/Modulus.Identity.Authentik.csproj" />
  <Project Path="src/identity/Modulus.Identity.AzureAd/Modulus.Identity.AzureAd.csproj" />
  <Project Path="src/identity/Modulus.Identity.Duende/Modulus.Identity.Duende.csproj" />
  <Project Path="src/identity/Modulus.Identity.EntityFrameworkCore/Modulus.Identity.EntityFrameworkCore.csproj" />
  <Project Path="src/identity/Modulus.Identity.Keycloak/Modulus.Identity.Keycloak.csproj" />
  <Project Path="src/identity/Modulus.Identity.Okta/Modulus.Identity.Okta.csproj" />
  <Project Path="src/identity/Modulus.Identity/Modulus.Identity.csproj" />
  <Project Path="src/messaging/Modulus.Events.Abstractions/Modulus.Events.Abstractions.csproj" />
  <Project Path="src/messaging/Modulus.EventBus.Kafka/Modulus.EventBus.Kafka.csproj" />
  <Project Path="src/messaging/Modulus.EventBus.RabbitMQ/Modulus.EventBus.RabbitMQ.csproj" />
  <Project Path="src/messaging/Modulus.Events/Modulus.Events.csproj" />
  <Project Path="src/messaging/Modulus.Inbox.Abstractions/Modulus.Inbox.Abstractions.csproj" />
  <Project Path="src/messaging/Modulus.Inbox.MongoDB/Modulus.Inbox.MongoDB.csproj" />
  <Project Path="src/messaging/Modulus.Inbox/Modulus.Inbox.csproj" />
  <Project Path="src/messaging/Modulus.Mediator.Abstractions/Modulus.Mediator.Abstractions.csproj" />
  <Project Path="src/messaging/Modulus.Mediator/Modulus.Mediator.csproj" />
  <Project Path="src/messaging/Modulus.Outbox.Abstractions/Modulus.Outbox.Abstractions.csproj" />
  <Project Path="src/messaging/Modulus.Outbox.MongoDB/Modulus.Outbox.MongoDB.csproj" />
  <Project Path="src/messaging/Modulus.Outbox/Modulus.Outbox.csproj" />
  <Project Path="src/observability/Modulus.Benchmarks/Modulus.Benchmarks.csproj" />
  <Project Path="src/observability/Modulus.Diagnostics/Modulus.Diagnostics.csproj" />
  <Project Path="src/observability/Modulus.OpenTelemetry/Modulus.OpenTelemetry.csproj" />
  <Project Path="src/platform/Modulus.Authorization/Modulus.Authorization.csproj" />
  <Project Path="src/platform/Modulus.BackgroundJobs.Hangfire/Modulus.BackgroundJobs.Hangfire.csproj" />
  <Project Path="src/platform/Modulus.BackgroundJobs/Modulus.BackgroundJobs.csproj" />
  <Project Path="src/platform/Modulus.MultiTenancy/Modulus.MultiTenancy.csproj" />
  <Project Path="src/platform/Modulus.SignalR.Abstractions/Modulus.SignalR.Abstractions.csproj" />
  <Project Path="src/platform/Modulus.SignalR.Azure/Modulus.SignalR.Azure.csproj" />
  <Project Path="src/platform/Modulus.SignalR.Redis/Modulus.SignalR.Redis.csproj" />
  <Project Path="src/platform/Modulus.SignalR/Modulus.SignalR.csproj" />
  <Project Path="tests/integration/Modulus.EFCore.Integration.Tests/Modulus.EFCore.Integration.Tests.csproj" />
  <Project Path="tests/integration/Modulus.Identity.Integration.Tests/Modulus.Identity.Integration.Tests.csproj" />
  <Project Path="tests/integration/Modulus.Outbox.Integration.Tests/Modulus.Outbox.Integration.Tests.csproj" />
  <Project Path="tests/integration/Modulus.SignalR.Integration.Tests/Modulus.SignalR.Integration.Tests.csproj" />
  <Project Path="tests/unit/Modulus.Authorization.Tests/Modulus.Authorization.Tests.csproj" />
  <Project Path="tests/unit/Modulus.Core.Tests/Modulus.Core.Tests.csproj" />
  <Project Path="tests/unit/Modulus.Events.Tests/Modulus.Events.Tests.csproj" />
  <Project Path="tests/unit/Modulus.Identity.Tests/Modulus.Identity.Tests.csproj" />
  <Project Path="tests/unit/Modulus.Inbox.Tests/Modulus.Inbox.Tests.csproj" />
  <Project Path="tests/unit/Modulus.Mediator.Tests/Modulus.Mediator.Tests.csproj" />
  <Project Path="tests/unit/Modulus.MultiTenancy.Tests/Modulus.MultiTenancy.Tests.csproj" />
  <Project Path="tests/unit/Modulus.Outbox.Tests/Modulus.Outbox.Tests.csproj" />
</Solution>
