<Solution>
  <Folder Name="/src/API/">
    <Project Path="src/API/ModulusSample.Api/ModulusSample.Api.csproj" />
  </Folder>
  <Folder Name="/src/Shared/">
    <Project Path="src/Shared/ModulusSample.Shared.Domain/ModulusSample.Shared.Domain.csproj" />
    <Project Path="src/Shared/ModulusSample.Shared.Application/ModulusSample.Shared.Application.csproj" />
    <Project Path="src/Shared/ModulusSample.Shared.Infrastructure/ModulusSample.Shared.Infrastructure.csproj" />
    <Project Path="src/Shared/ModulusSample.Shared.Presentation/ModulusSample.Shared.Presentation.csproj" />
  </Folder>
  <Folder Name="/src/Modules/Identity/">
    <Project Path="src/Modules/Identity/ModulusSample.Modules.Identity.Domain/ModulusSample.Modules.Identity.Domain.csproj" />
    <Project Path="src/Modules/Identity/ModulusSample.Modules.Identity.Application/ModulusSample.Modules.Identity.Application.csproj" />
    <Project Path="src/Modules/Identity/ModulusSample.Modules.Identity.Infrastructure/ModulusSample.Modules.Identity.Infrastructure.csproj" />
    <Project Path="src/Modules/Identity/ModulusSample.Modules.Identity.Presentation/ModulusSample.Modules.Identity.Presentation.csproj" />
  </Folder>
  <Folder Name="/src/Modules/Identity/Tests/">
    <Project Path="src/Modules/Identity/ModulusSample.Modules.Identity.UnitTests/ModulusSample.Modules.Identity.UnitTests.csproj" />
  </Folder>
  <Folder Name="/src/Modules/Settings/">
    <Project Path="src/Modules/Settings/ModulusSample.Modules.Settings.Domain/ModulusSample.Modules.Settings.Domain.csproj" />
    <Project Path="src/Modules/Settings/ModulusSample.Modules.Settings.Application/ModulusSample.Modules.Settings.Application.csproj" />
    <Project Path="src/Modules/Settings/ModulusSample.Modules.Settings.Infrastructure/ModulusSample.Modules.Settings.Infrastructure.csproj" />
    <Project Path="src/Modules/Settings/ModulusSample.Modules.Settings.Presentation/ModulusSample.Modules.Settings.Presentation.csproj" />
  </Folder>
  <Folder Name="/src/Modules/Tenants/">
    <Project Path="src/Modules/Tenants/ModulusSample.Modules.Tenants.Domain/ModulusSample.Modules.Tenants.Domain.csproj" />
    <Project Path="src/Modules/Tenants/ModulusSample.Modules.Tenants.Application/ModulusSample.Modules.Tenants.Application.csproj" />
    <Project Path="src/Modules/Tenants/ModulusSample.Modules.Tenants.Infrastructure/ModulusSample.Modules.Tenants.Infrastructure.csproj" />
    <Project Path="src/Modules/Tenants/ModulusSample.Modules.Tenants.Presentation/ModulusSample.Modules.Tenants.Presentation.csproj" />
  </Folder>
  <Folder Name="/src/Modules/Features/">
    <Project Path="src/Modules/Features/ModulusSample.Modules.Features.Domain/ModulusSample.Modules.Features.Domain.csproj" />
    <Project Path="src/Modules/Features/ModulusSample.Modules.Features.Application/ModulusSample.Modules.Features.Application.csproj" />
    <Project Path="src/Modules/Features/ModulusSample.Modules.Features.Infrastructure/ModulusSample.Modules.Features.Infrastructure.csproj" />
    <Project Path="src/Modules/Features/ModulusSample.Modules.Features.Presentation/ModulusSample.Modules.Features.Presentation.csproj" />
  </Folder>
  <Folder Name="/src/Modules/VirtualFileExplorer/">
    <Project Path="src/Modules/VirtualFileExplorer/ModulusSample.Modules.VirtualFileExplorer.Domain/ModulusSample.Modules.VirtualFileExplorer.Domain.csproj" />
    <Project Path="src/Modules/VirtualFileExplorer/ModulusSample.Modules.VirtualFileExplorer.Application/ModulusSample.Modules.VirtualFileExplorer.Application.csproj" />
    <Project Path="src/Modules/VirtualFileExplorer/ModulusSample.Modules.VirtualFileExplorer.Infrastructure/ModulusSample.Modules.VirtualFileExplorer.Infrastructure.csproj" />
    <Project Path="src/Modules/VirtualFileExplorer/ModulusSample.Modules.VirtualFileExplorer.Presentation/ModulusSample.Modules.VirtualFileExplorer.Presentation.csproj" />
  </Folder>
  <Folder Name="/src/Modules/Notifications/">
    <Project Path="src/Modules/Notifications/ModulusSample.Modules.Notifications.Domain/ModulusSample.Modules.Notifications.Domain.csproj" />
    <Project Path="src/Modules/Notifications/ModulusSample.Modules.Notifications.Application/ModulusSample.Modules.Notifications.Application.csproj" />
    <Project Path="src/Modules/Notifications/ModulusSample.Modules.Notifications.Infrastructure/ModulusSample.Modules.Notifications.Infrastructure.csproj" />
    <Project Path="src/Modules/Notifications/ModulusSample.Modules.Notifications.Presentation/ModulusSample.Modules.Notifications.Presentation.csproj" />
  </Folder>
  <Folder Name="/src/Modules/Media/">
    <Project Path="src/Modules/Media/ModulusSample.Modules.Media.Domain/ModulusSample.Modules.Media.Domain.csproj" />
    <Project Path="src/Modules/Media/ModulusSample.Modules.Media.Application/ModulusSample.Modules.Media.Application.csproj" />
    <Project Path="src/Modules/Media/ModulusSample.Modules.Media.Infrastructure/ModulusSample.Modules.Media.Infrastructure.csproj" />
    <Project Path="src/Modules/Media/ModulusSample.Modules.Media.Presentation/ModulusSample.Modules.Media.Presentation.csproj" />
  </Folder>
  <Folder Name="/src/Modules/Catalog/">
    <Project Path="src/Modules/Catalog/ModulusSample.Modules.Catalog.Domain/ModulusSample.Modules.Catalog.Domain.csproj" />
    <Project Path="src/Modules/Catalog/ModulusSample.Modules.Catalog.Application/ModulusSample.Modules.Catalog.Application.csproj" />
    <Project Path="src/Modules/Catalog/ModulusSample.Modules.Catalog.Infrastructure/ModulusSample.Modules.Catalog.Infrastructure.csproj" />
    <Project Path="src/Modules/Catalog/ModulusSample.Modules.Catalog.Presentation/ModulusSample.Modules.Catalog.Presentation.csproj" />
  </Folder>
  <Folder Name="/src/Modules/Partners/">
    <Project Path="src/Modules/Partners/ModulusSample.Modules.Partners.Domain/ModulusSample.Modules.Partners.Domain.csproj" />
    <Project Path="src/Modules/Partners/ModulusSample.Modules.Partners.Application/ModulusSample.Modules.Partners.Application.csproj" />
    <Project Path="src/Modules/Partners/ModulusSample.Modules.Partners.Infrastructure/ModulusSample.Modules.Partners.Infrastructure.csproj" />
    <Project Path="src/Modules/Partners/ModulusSample.Modules.Partners.Presentation/ModulusSample.Modules.Partners.Presentation.csproj" />
  </Folder>
  <Folder Name="/src/Modules/Inventory/">
    <Project Path="src/Modules/Inventory/ModulusSample.Modules.Inventory.Domain/ModulusSample.Modules.Inventory.Domain.csproj" />
    <Project Path="src/Modules/Inventory/ModulusSample.Modules.Inventory.Application/ModulusSample.Modules.Inventory.Application.csproj" />
    <Project Path="src/Modules/Inventory/ModulusSample.Modules.Inventory.Infrastructure/ModulusSample.Modules.Inventory.Infrastructure.csproj" />
    <Project Path="src/Modules/Inventory/ModulusSample.Modules.Inventory.Presentation/ModulusSample.Modules.Inventory.Presentation.csproj" />
  </Folder>
  <Folder Name="/src/Modules/Sales/">
    <Project Path="src/Modules/Sales/ModulusSample.Modules.Sales.Domain/ModulusSample.Modules.Sales.Domain.csproj" />
    <Project Path="src/Modules/Sales/ModulusSample.Modules.Sales.Application/ModulusSample.Modules.Sales.Application.csproj" />
    <Project Path="src/Modules/Sales/ModulusSample.Modules.Sales.Infrastructure/ModulusSample.Modules.Sales.Infrastructure.csproj" />
    <Project Path="src/Modules/Sales/ModulusSample.Modules.Sales.Presentation/ModulusSample.Modules.Sales.Presentation.csproj" />
  </Folder>
  <Folder Name="/src/Modules/Purchasing/">
    <Project Path="src/Modules/Purchasing/ModulusSample.Modules.Purchasing.Domain/ModulusSample.Modules.Purchasing.Domain.csproj" />
    <Project Path="src/Modules/Purchasing/ModulusSample.Modules.Purchasing.Application/ModulusSample.Modules.Purchasing.Application.csproj" />
    <Project Path="src/Modules/Purchasing/ModulusSample.Modules.Purchasing.Infrastructure/ModulusSample.Modules.Purchasing.Infrastructure.csproj" />
    <Project Path="src/Modules/Purchasing/ModulusSample.Modules.Purchasing.Presentation/ModulusSample.Modules.Purchasing.Presentation.csproj" />
  </Folder>
  <Folder Name="/src/Modules/Billing/">
    <Project Path="src/Modules/Billing/ModulusSample.Modules.Billing.Domain/ModulusSample.Modules.Billing.Domain.csproj" />
    <Project Path="src/Modules/Billing/ModulusSample.Modules.Billing.Application/ModulusSample.Modules.Billing.Application.csproj" />
    <Project Path="src/Modules/Billing/ModulusSample.Modules.Billing.Infrastructure/ModulusSample.Modules.Billing.Infrastructure.csproj" />
    <Project Path="src/Modules/Billing/ModulusSample.Modules.Billing.Presentation/ModulusSample.Modules.Billing.Presentation.csproj" />
  </Folder>
  <Folder Name="/tests/">
    <Project Path="tests/ModulusSampleErp.IntegrationTests/ModulusSampleErp.IntegrationTests.csproj" />
  </Folder>
</Solution>
